// !$*UTF8*$!
{
	archiveVersion = 1;
	classes = {
	};
	objectVersion = 56;
	objects = {

/* Begin PBXBuildFile section */
		2C3604AA29B7F8D2000A25D2 /* AppDelegate.swift in Sources */ = {isa = PBXBuildFile; fileRef = 2C3604A929B7F8D2000A25D2 /* AppDelegate.swift */; };
		2C3604AC29B7F8D2000A25D2 /* SceneDelegate.swift in Sources */ = {isa = PBXBuildFile; fileRef = 2C3604AB29B7F8D2000A25D2 /* SceneDelegate.swift */; };
		2C3604AE29B7F8D2000A25D2 /* QuizAppView.swift in Sources */ = {isa = PBXBuildFile; fileRef = 2C3604AD29B7F8D2000A25D2 /* QuizAppView.swift */; };
		2C3604B129B7F8D2000A25D2 /* Main.storyboard in Resources */ = {isa = PBXBuildFile; fileRef = 2C3604AF29B7F8D2000A25D2 /* Main.storyboard */; };
		2C3604B329B7F8D5000A25D2 /* Assets.xcassets in Resources */ = {isa = PBXBuildFile; fileRef = 2C3604B229B7F8D5000A25D2 /* Assets.xcassets */; };
		2C3604B629B7F8D5000A25D2 /* LaunchScreen.storyboard in Resources */ = {isa = PBXBuildFile; fileRef = 2C3604B429B7F8D5000A25D2 /* LaunchScreen.storyboard */; };
		2C3604C129B7F8D5000A25D2 /* QuizApp2Tests.swift in Sources */ = {isa = PBXBuildFile; fileRef = 2C3604C029B7F8D5000A25D2 /* QuizApp2Tests.swift */; };
		2C3604CB29B7F8D5000A25D2 /* QuizApp2UITests.swift in Sources */ = {isa = PBXBuildFile; fileRef = 2C3604CA29B7F8D5000A25D2 /* QuizApp2UITests.swift */; };
		2C3604CD29B7F8D5000A25D2 /* QuizApp2UITestsLaunchTests.swift in Sources */ = {isa = PBXBuildFile; fileRef = 2C3604CC29B7F8D5000A25D2 /* QuizApp2UITestsLaunchTests.swift */; };
		2C3604DA29B8524B000A25D2 /* ImportQuizData.swift in Sources */ = {isa = PBXBuildFile; fileRef = 2C3604D929B8524B000A25D2 /* ImportQuizData.swift */; };
/* End PBXBuildFile section */

/* Begin PBXContainerItemProxy section */
		2C3604BD29B7F8D5000A25D2 /* PBXContainerItemProxy */ = {
			isa = PBXContainerItemProxy;
			containerPortal = 2C36049E29B7F8D2000A25D2 /* Project object */;
			proxyType = 1;
			remoteGlobalIDString = 2C3604A529B7F8D2000A25D2;
			remoteInfo = QuizApp2;
		};
		2C3604C729B7F8D5000A25D2 /* PBXContainerItemProxy */ = {
			isa = PBXContainerItemProxy;
			containerPortal = 2C36049E29B7F8D2000A25D2 /* Project object */;
			proxyType = 1;
			remoteGlobalIDString = 2C3604A529B7F8D2000A25D2;
			remoteInfo = QuizApp2;
		};
/* End PBXContainerItemProxy section */

/* Begin PBXFileReference section */
		2C3604A629B7F8D2000A25D2 /* QuizApp2.app */ = {isa = PBXFileReference; explicitFileType = wrapper.application; includeInIndex = 0; path = QuizApp2.app; sourceTree = BUILT_PRODUCTS_DIR; };
		2C3604A929B7F8D2000A25D2 /* AppDelegate.swift */ = {isa = PBXFileReference; lastKnownFileType = sourcecode.swift; path = AppDelegate.swift; sourceTree = "<group>"; };
		2C3604AB29B7F8D2000A25D2 /* SceneDelegate.swift */ = {isa = PBXFileReference; lastKnownFileType = sourcecode.swift; path = SceneDelegate.swift; sourceTree = "<group>"; };
		2C3604AD29B7F8D2000A25D2 /* QuizAppView.swift */ = {isa = PBXFileReference; lastKnownFileType = sourcecode.swift; path = QuizAppView.swift; sourceTree = "<group>"; };
		2C3604B029B7F8D2000A25D2 /* Base */ = {isa = PBXFileReference; lastKnownFileType = file.storyboard; name = Base; path = Base.lproj/Main.storyboard; sourceTree = "<group>"; };
		2C3604B229B7F8D5000A25D2 /* Assets.xcassets */ = {isa = PBXFileReference; lastKnownFileType = folder.assetcatalog; path = Assets.xcassets; sourceTree = "<group>"; };
		2C3604B529B7F8D5000A25D2 /* Base */ = {isa = PBXFileReference; lastKnownFileType = file.storyboard; name = Base; path = Base.lproj/LaunchScreen.storyboard; sourceTree = "<group>"; };
		2C3604B729B7F8D5000A25D2 /* Info.plist */ = {isa = PBXFileReference; lastKnownFileType = text.plist.xml; path = Info.plist; sourceTree = "<group>"; };
		2C3604BC29B7F8D5000A25D2 /* QuizApp2Tests.xctest */ = {isa = PBXFileReference; explicitFileType = wrapper.cfbundle; includeInIndex = 0; path = QuizApp2Tests.xctest; sourceTree = BUILT_PRODUCTS_DIR; };
		2C3604C029B7F8D5000A25D2 /* QuizApp2Tests.swift */ = {isa = PBXFileReference; lastKnownFileType = sourcecode.swift; path = QuizApp2Tests.swift; sourceTree = "<group>"; };
		2C3604C629B7F8D5000A25D2 /* QuizApp2UITests.xctest */ = {isa = PBXFileReference; explicitFileType = wrapper.cfbundle; includeInIndex = 0; path = QuizApp2UITests.xctest; sourceTree = BUILT_PRODUCTS_DIR; };
		2C3604CA29B7F8D5000A25D2 /* QuizApp2UITests.swift */ = {isa = PBXFileReference; lastKnownFileType = sourcecode.swift; path = QuizApp2UITests.swift; sourceTree = "<group>"; };
		2C3604CC29B7F8D5000A25D2 /* QuizApp2UITestsLaunchTests.swift */ = {isa = PBXFileReference; lastKnownFileType = sourcecode.swift; path = QuizApp2UITestsLaunchTests.swift; sourceTree = "<group>"; };
		2C3604D929B8524B000A25D2 /* ImportQuizData.swift */ = {isa = PBXFileReference; lastKnownFileType = sourcecode.swift; path = ImportQuizData.swift; sourceTree = "<group>"; };
/* End PBXFileReference section */

/* Begin PBXFrameworksBuildPhase section */
		2C3604A329B7F8D2000A25D2 /* Frameworks */ = {
			isa = PBXFrameworksBuildPhase;
			buildActionMask = 2147483647;
			files = (
			);
			runOnlyForDeploymentPostprocessing = 0;
		};
		2C3604B929B7F8D5000A25D2 /* Frameworks */ = {
			isa = PBXFrameworksBuildPhase;
			buildActionMask = 2147483647;
			files = (
			);
			runOnlyForDeploymentPostprocessing = 0;
		};
		2C3604C329B7F8D5000A25D2 /* Frameworks */ = {
			isa = PBXFrameworksBuildPhase;
			buildActionMask = 2147483647;
			files = (
			);
			runOnlyForDeploymentPostprocessing = 0;
		};
/* End PBXFrameworksBuildPhase section */

/* Begin PBXGroup section */
		2C36049D29B7F8D2000A25D2 = {
			isa = PBXGroup;
			children = (
				2C3604A829B7F8D2000A25D2 /* QuizApp2 */,
				2C3604BF29B7F8D5000A25D2 /* QuizApp2Tests */,
				2C3604C929B7F8D5000A25D2 /* QuizApp2UITests */,
				2C3604A729B7F8D2000A25D2 /* Products */,
			);
			sourceTree = "<group>";
		};
		2C3604A729B7F8D2000A25D2 /* Products */ = {
			isa = PBXGroup;
			children = (
				2C3604A629B7F8D2000A25D2 /* QuizApp2.app */,
				2C3604BC29B7F8D5000A25D2 /* QuizApp2Tests.xctest */,
				2C3604C629B7F8D5000A25D2 /* QuizApp2UITests.xctest */,
			);
			name = Products;
			sourceTree = "<group>";
		};
		2C3604A829B7F8D2000A25D2 /* QuizApp2 */ = {
			isa = PBXGroup;
			children = (
				2C3604A929B7F8D2000A25D2 /* AppDelegate.swift */,
				2C3604AB29B7F8D2000A25D2 /* SceneDelegate.swift */,
				2C3604AD29B7F8D2000A25D2 /* QuizAppView.swift */,
				2C3604D929B8524B000A25D2 /* ImportQuizData.swift */,
				2C3604AF29B7F8D2000A25D2 /* Main.storyboard */,
				2C3604B229B7F8D5000A25D2 /* Assets.xcassets */,
				2C3604B429B7F8D5000A25D2 /* LaunchScreen.storyboard */,
				2C3604B729B7F8D5000A25D2 /* Info.plist */,
			);
			path = QuizApp2;
			sourceTree = "<group>";
		};
		2C3604BF29B7F8D5000A25D2 /* QuizApp2Tests */ = {
			isa = PBXGroup;
			children = (
				2C3604C029B7F8D5000A25D2 /* QuizApp2Tests.swift */,
			);
			path = QuizApp2Tests;
			sourceTree = "<group>";
		};
		2C3604C929B7F8D5000A25D2 /* QuizApp2UITests */ = {
			isa = PBXGroup;
			children = (
				2C3604CA29B7F8D5000A25D2 /* QuizApp2UITests.swift */,
				2C3604CC29B7F8D5000A25D2 /* QuizApp2UITestsLaunchTests.swift */,
			);
			path = QuizApp2UITests;
			sourceTree = "<group>";
		};
/* End PBXGroup section */

/* Begin PBXNativeTarget section */
		2C3604A529B7F8D2000A25D2 /* QuizApp2 */ = {
			isa = PBXNativeTarget;
			buildConfigurationList = 2C3604D029B7F8D5000A25D2 /* Build configuration list for PBXNativeTarget "QuizApp2" */;
			buildPhases = (
				2C3604A229B7F8D2000A25D2 /* Sources */,
				2C3604A329B7F8D2000A25D2 /* Frameworks */,
				2C3604A429B7F8D2000A25D2 /* Resources */,
			);
			buildRules = (
			);
			dependencies = (
			);
			name = QuizApp2;
			productName = QuizApp2;
			productReference = 2C3604A629B7F8D2000A25D2 /* QuizApp2.app */;
			productType = "com.apple.product-type.application";
		};
		2C3604BB29B7F8D5000A25D2 /* QuizApp2Tests */ = {
			isa = PBXNativeTarget;
			buildConfigurationList = 2C3604D329B7F8D5000A25D2 /* Build configuration list for PBXNativeTarget "QuizApp2Tests" */;
			buildPhases = (
				2C3604B829B7F8D5000A25D2 /* Sources */,
				2C3604B929B7F8D5000A25D2 /* Frameworks */,
				2C3604BA29B7F8D5000A25D2 /* Resources */,
			);
			buildRules = (
			);
			dependencies = (
				2C3604BE29B7F8D5000A25D2 /* PBXTargetDependency */,
			);
			name = QuizApp2Tests;
			productName = QuizApp2Tests;
			productReference = 2C3604BC29B7F8D5000A25D2 /* QuizApp2Tests.xctest */;
			productType = "com.apple.product-type.bundle.unit-test";
		};
		2C3604C529B7F8D5000A25D2 /* QuizApp2UITests */ = {
			isa = PBXNativeTarget;
			buildConfigurationList = 2C3604D629B7F8D5000A25D2 /* Build configuration list for PBXNativeTarget "QuizApp2UITests" */;
			buildPhases = (
				2C3604C229B7F8D5000A25D2 /* Sources */,
				2C3604C329B7F8D5000A25D2 /* Frameworks */,
				2C3604C429B7F8D5000A25D2 /* Resources */,
			);
			buildRules = (
			);
			dependencies = (
				2C3604C829B7F8D5000A25D2 /* PBXTargetDependency */,
			);
			name = QuizApp2UITests;
			productName = QuizApp2UITests;
			productReference = 2C3604C629B7F8D5000A25D2 /* QuizApp2UITests.xctest */;
			productType = "com.apple.product-type.bundle.ui-testing";
		};
/* End PBXNativeTarget section */

/* Begin PBXProject section */
		2C36049E29B7F8D2000A25D2 /* Project object */ = {
			isa = PBXProject;
			attributes = {
				BuildIndependentTargetsInParallel = 1;
				LastSwiftUpdateCheck = 1420;
				LastUpgradeCheck = 1420;
				TargetAttributes = {
					2C3604A529B7F8D2000A25D2 = {
						CreatedOnToolsVersion = 14.2;
					};
					2C3604BB29B7F8D5000A25D2 = {
						CreatedOnToolsVersion = 14.2;
						TestTargetID = 2C3604A529B7F8D2000A25D2;
					};
					2C3604C529B7F8D5000A25D2 = {
						CreatedOnToolsVersion = 14.2;
						TestTargetID = 2C3604A529B7F8D2000A25D2;
					};
				};
			};
			buildConfigurationList = 2C3604A129B7F8D2000A25D2 /* Build configuration list for PBXProject "QuizApp2" */;
			compatibilityVersion = "Xcode 14.0";
			developmentRegion = en;
			hasScannedForEncodings = 0;
			knownRegions = (
				en,
				Base,
			);
			mainGroup = 2C36049D29B7F8D2000A25D2;
			productRefGroup = 2C3604A729B7F8D2000A25D2 /* Products */;
			projectDirPath = "";
			projectRoot = "";
			targets = (
				2C3604A529B7F8D2000A25D2 /* QuizApp2 */,
				2C3604BB29B7F8D5000A25D2 /* QuizApp2Tests */,
				2C3604C529B7F8D5000A25D2 /* QuizApp2UITests */,
			);
		};
/* End PBXProject section */

/* Begin PBXResourcesBuildPhase section */
		2C3604A429B7F8D2000A25D2 /* Resources */ = {
			isa = PBXResourcesBuildPhase;
			buildActionMask = 2147483647;
			files = (
				2C3604B629B7F8D5000A25D2 /* LaunchScreen.storyboard in Resources */,
				2C3604B329B7F8D5000A25D2 /* Assets.xcassets in Resources */,
				2C3604B129B7F8D2000A25D2 /* Main.storyboard in Resources */,
			);
			runOnlyForDeploymentPostprocessing = 0;
		};
		2C3604BA29B7F8D5000A25D2 /* Resources */ = {
			isa = PBXResourcesBuildPhase;
			buildActionMask = 2147483647;
			files = (
			);
			runOnlyForDeploymentPostprocessing = 0;
		};
		2C3604C429B7F8D5000A25D2 /* Resources */ = {
			isa = PBXResourcesBuildPhase;
			buildActionMask = 2147483647;
			files = (
			);
			runOnlyForDeploymentPostprocessing = 0;
		};
/* End PBXResourcesBuildPhase section */

/* Begin PBXSourcesBuildPhase section */
		2C3604A229B7F8D2000A25D2 /* Sources */ = {
			isa = PBXSourcesBuildPhase;
			buildActionMask = 2147483647;
			files = (
				2C3604AE29B7F8D2000A25D2 /* QuizAppView.swift in Sources */,
				2C3604DA29B8524B000A25D2 /* ImportQuizData.swift in Sources */,
				2C3604AA29B7F8D2000A25D2 /* AppDelegate.swift in Sources */,
				2C3604AC29B7F8D2000A25D2 /* SceneDelegate.swift in Sources */,
			);
			runOnlyForDeploymentPostprocessing = 0;
		};
		2C3604B829B7F8D5000A25D2 /* Sources */ = {
			isa = PBXSourcesBuildPhase;
			buildActionMask = 2147483647;
			files = (
				2C3604C129B7F8D5000A25D2 /* QuizApp2Tests.swift in Sources */,
			);
			runOnlyForDeploymentPostprocessing = 0;
		};
		2C3604C229B7F8D5000A25D2 /* Sources */ = {
			isa = PBXSourcesBuildPhase;
			buildActionMask = 2147483647;
			files = (
				2C3604CD29B7F8D5000A25D2 /* QuizApp2UITestsLaunchTests.swift in Sources */,
				2C3604CB29B7F8D5000A25D2 /* QuizApp2UITests.swift in Sources */,
			);
			runOnlyForDeploymentPostprocessing = 0;
		};
/* End PBXSourcesBuildPhase section */

/* Begin PBXTargetDependency section */
		2C3604BE29B7F8D5000A25D2 /* PBXTargetDependency */ = {
			isa = PBXTargetDependency;
			target = 2C3604A529B7F8D2000A25D2 /* QuizApp2 */;
			targetProxy = 2C3604BD29B7F8D5000A25D2 /* PBXContainerItemProxy */;
		};
		2C3604C829B7F8D5000A25D2 /* PBXTargetDependency */ = {
			isa = PBXTargetDependency;
			target = 2C3604A529B7F8D2000A25D2 /* QuizApp2 */;
			targetProxy = 2C3604C729B7F8D5000A25D2 /* PBXContainerItemProxy */;
		};
/* End PBXTargetDependency section */

/* Begin PBXVariantGroup section */
		2C3604AF29B7F8D2000A25D2 /* Main.storyboard */ = {
			isa = PBXVariantGroup;
			children = (
				2C3604B029B7F8D2000A25D2 /* Base */,
			);
			name = Main.storyboard;
			sourceTree = "<group>";
		};
		2C3604B429B7F8D5000A25D2 /* LaunchScreen.storyboard */ = {
			isa = PBXVariantGroup;
			children = (
				2C3604B529B7F8D5000A25D2 /* Base */,
			);
			name = LaunchScreen.storyboard;
			sourceTree = "<group>";
		};
/* End PBXVariantGroup section */

/* Begin XCBuildConfiguration section */
		2C3604CE29B7F8D5000A25D2 /* Debug */ = {
			isa = XCBuildConfiguration;
			buildSettings = {
				ALWAYS_SEARCH_USER_PATHS = NO;
				CLANG_ANALYZER_NONNULL = YES;
				CLANG_ANALYZER_NUMBER_OBJECT_CONVERSION = YES_AGGRESSIVE;
				CLANG_CXX_LANGUAGE_STANDARD = "gnu++20";
				CLANG_ENABLE_MODULES = YES;
				CLANG_ENABLE_OBJC_ARC = YES;
				CLANG_ENABLE_OBJC_WEAK = YES;
				CLANG_WARN_BLOCK_CAPTURE_AUTORELEASING = YES;
				CLANG_WARN_BOOL_CONVERSION = YES;
				CLANG_WARN_COMMA = YES;
				CLANG_WARN_CONSTANT_CONVERSION = YES;
				CLANG_WARN_DEPRECATED_OBJC_IMPLEMENTATIONS = YES;
				CLANG_WARN_DIRECT_OBJC_ISA_USAGE = YES_ERROR;
				CLANG_WARN_DOCUMENTATION_COMMENTS = YES;
				CLANG_WARN_EMPTY_BODY = YES;
				CLANG_WARN_ENUM_CONVERSION = YES;
				CLANG_WARN_INFINITE_RECURSION = YES;
				CLANG_WARN_INT_CONVERSION = YES;
				CLANG_WARN_NON_LITERAL_NULL_CONVERSION = YES;
				CLANG_WARN_OBJC_IMPLICIT_RETAIN_SELF = YES;
				CLANG_WARN_OBJC_LITERAL_CONVERSION = YES;
				CLANG_WARN_OBJC_ROOT_CLASS = YES_ERROR;
				CLANG_WARN_QUOTED_INCLUDE_IN_FRAMEWORK_HEADER = YES;
				CLANG_WARN_RANGE_LOOP_ANALYSIS = YES;
				CLANG_WARN_STRICT_PROTOTYPES = YES;
				CLANG_WARN_SUSPICIOUS_MOVE = YES;
				CLANG_WARN_UNGUARDED_AVAILABILITY = YES_AGGRESSIVE;
				CLANG_WARN_UNREACHABLE_CODE = YES;
				CLANG_WARN__DUPLICATE_METHOD_MATCH = YES;
				COPY_PHASE_STRIP = NO;
				DEBUG_INFORMATION_FORMAT = dwarf;
				ENABLE_STRICT_OBJC_MSGSEND = YES;
				ENABLE_TESTABILITY = YES;
				GCC_C_LANGUAGE_STANDARD = gnu11;
				GCC_DYNAMIC_NO_PIC = NO;
				GCC_NO_COMMON_BLOCKS = YES;
				GCC_OPTIMIZATION_LEVEL = 0;
				GCC_PREPROCESSOR_DEFINITIONS = (
					"DEBUG=1",
					"$(inherited)",
				);
				GCC_WARN_64_TO_32_BIT_CONVERSION = YES;
				GCC_WARN_ABOUT_RETURN_TYPE = YES_ERROR;
				GCC_WARN_UNDECLARED_SELECTOR = YES;
				GCC_WARN_UNINITIALIZED_AUTOS = YES_AGGRESSIVE;
				GCC_WARN_UNUSED_FUNCTION = YES;
				GCC_WARN_UNUSED_VARIABLE = YES;
				IPHONEOS_DEPLOYMENT_TARGET = 16.2;
				MTL_ENABLE_DEBUG_INFO = INCLUDE_SOURCE;
				MTL_FAST_MATH = YES;
				ONLY_ACTIVE_ARCH = YES;
				SDKROOT = iphoneos;
				SWIFT_ACTIVE_COMPILATION_CONDITIONS = DEBUG;
				SWIFT_OPTIMIZATION_LEVEL = "-Onone";
			};
			name = Debug;
		};
		2C3604CF29B7F8D5000A25D2 /* Release */ = {
			isa = XCBuildConfiguration;
			buildSettings = {
				ALWAYS_SEARCH_USER_PATHS = NO;
				CLANG_ANALYZER_NONNULL = YES;
				CLANG_ANALYZER_NUMBER_OBJECT_CONVERSION = YES_AGGRESSIVE;
				CLANG_CXX_LANGUAGE_STANDARD = "gnu++20";
				CLANG_ENABLE_MODULES = YES;
				CLANG_ENABLE_OBJC_ARC = YES;
				CLANG_ENABLE_OBJC_WEAK = YES;
				CLANG_WARN_BLOCK_CAPTURE_AUTORELEASING = YES;
				CLANG_WARN_BOOL_CONVERSION = YES;
				CLANG_WARN_COMMA = YES;
				CLANG_WARN_CONSTANT_CONVERSION = YES;
				CLANG_WARN_DEPRECATED_OBJC_IMPLEMENTATIONS = YES;
				CLANG_WARN_DIRECT_OBJC_ISA_USAGE = YES_ERROR;
				CLANG_WARN_DOCUMENTATION_COMMENTS = YES;
				CLANG_WARN_EMPTY_BODY = YES;
				CLANG_WARN_ENUM_CONVERSION = YES;
				CLANG_WARN_INFINITE_RECURSION = YES;
				CLANG_WARN_INT_CONVERSION = YES;
				CLANG_WARN_NON_LITERAL_NULL_CONVERSION = YES;
				CLANG_WARN_OBJC_IMPLICIT_RETAIN_SELF = YES;
				CLANG_WARN_OBJC_LITERAL_CONVERSION = YES;
				CLANG_WARN_OBJC_ROOT_CLASS = YES_ERROR;
				CLANG_WARN_QUOTED_INCLUDE_IN_FRAMEWORK_HEADER = YES;
				CLANG_WARN_RANGE_LOOP_ANALYSIS = YES;
				CLANG_WARN_STRICT_PROTOTYPES = YES;
				CLANG_WARN_SUSPICIOUS_MOVE = YES;
				CLANG_WARN_UNGUARDED_AVAILABILITY = YES_AGGRESSIVE;
				CLANG_WARN_UNREACHABLE_CODE = YES;
				CLANG_WARN__DUPLICATE_METHOD_MATCH = YES;
				COPY_PHASE_STRIP = NO;
				DEBUG_INFORMATION_FORMAT = "dwarf-with-dsym";
				ENABLE_NS_ASSERTIONS = NO;
				ENABLE_STRICT_OBJC_MSGSEND = YES;
				GCC_C_LANGUAGE_STANDARD = gnu11;
				GCC_NO_COMMON_BLOCKS = YES;
				GCC_WARN_64_TO_32_BIT_CONVERSION = YES;
				GCC_WARN_ABOUT_RETURN_TYPE = YES_ERROR;
				GCC_WARN_UNDECLARED_SELECTOR = YES;
				GCC_WARN_UNINITIALIZED_AUTOS = YES_AGGRESSIVE;
				GCC_WARN_UNUSED_FUNCTION = YES;
				GCC_WARN_UNUSED_VARIABLE = YES;
				IPHONEOS_DEPLOYMENT_TARGET = 16.2;
				MTL_ENABLE_DEBUG_INFO = NO;
				MTL_FAST_MATH = YES;
				SDKROOT = iphoneos;
				SWIFT_COMPILATION_MODE = wholemodule;
				SWIFT_OPTIMIZATION_LEVEL = "-O";
				VALIDATE_PRODUCT = YES;
			};
			name = Release;
		};
		2C3604D129B7F8D5000A25D2 /* Debug */ = {
			isa = XCBuildConfiguration;
			buildSettings = {
				ASSETCATALOG_COMPILER_APPICON_NAME = AppIcon;
				ASSETCATALOG_COMPILER_GLOBAL_ACCENT_COLOR_NAME = AccentColor;
				CODE_SIGN_STYLE = Automatic;
				CURRENT_PROJECT_VERSION = 1;
				DEVELOPMENT_TEAM = HA2VYV65RB;
				GENERATE_INFOPLIST_FILE = YES;
				INFOPLIST_FILE = QuizApp2/Info.plist;
				INFOPLIST_KEY_UIApplicationSupportsIndirectInputEvents = YES;
				INFOPLIST_KEY_UILaunchStoryboardName = LaunchScreen;
				INFOPLIST_KEY_UIMainStoryboardFile = Main;
				INFOPLIST_KEY_UISupportedInterfaceOrientations_iPad = "UIInterfaceOrientationPortrait UIInterfaceOrientationPortraitUpsideDown UIInterfaceOrientationLandscapeLeft UIInterfaceOrientationLandscapeRight";
				INFOPLIST_KEY_UISupportedInterfaceOrientations_iPhone = "UIInterfaceOrientationPortrait UIInterfaceOrientationLandscapeLeft UIInterfaceOrientationLandscapeRight";
				LD_RUNPATH_SEARCH_PATHS = (
					"$(inherited)",
					"@executable_path/Frameworks",
				);
				MARKETING_VERSION = 1.0;
				PRODUCT_BUNDLE_IDENTIFIER = com.maidang.QuizApp2;
				PRODUCT_NAME = "$(TARGET_NAME)";
				SWIFT_EMIT_LOC_STRINGS = YES;
				SWIFT_VERSION = 5.0;
				TARGETED_DEVICE_FAMILY = "1,2";
			};
			name = Debug;
		};
		2C3604D229B7F8D5000A25D2 /* Release */ = {
			isa = XCBuildConfiguration;
			buildSettings = {
				ASSETCATALOG_COMPILER_APPICON_NAME = AppIcon;
				ASSETCATALOG_COMPILER_GLOBAL_ACCENT_COLOR_NAME = AccentColor;
				CODE_SIGN_STYLE = Automatic;
				CURRENT_PROJECT_VERSION = 1;
				DEVELOPMENT_TEAM = HA2VYV65RB;
				GENERATE_INFOPLIST_FILE = YES;
				INFOPLIST_FILE = QuizApp2/Info.plist;
				INFOPLIST_KEY_UIApplicationSupportsIndirectInputEvents = YES;
				INFOPLIST_KEY_UILaunchStoryboardName = LaunchScreen;
				INFOPLIST_KEY_UIMainStoryboardFile = Main;
				INFOPLIST_KEY_UISupportedInterfaceOrientations_iPad = "UIInterfaceOrientationPortrait UIInterfaceOrientationPortraitUpsideDown UIInterfaceOrientationLandscapeLeft UIInterfaceOrientationLandscapeRight";
				INFOPLIST_KEY_UISupportedInterfaceOrientations_iPhone = "UIInterfaceOrientationPortrait UIInterfaceOrientationLandscapeLeft UIInterfaceOrientationLandscapeRight";
				LD_RUNPATH_SEARCH_PATHS = (
					"$(inherited)",
					"@executable_path/Frameworks",
				);
				MARKETING_VERSION = 1.0;
				PRODUCT_BUNDLE_IDENTIFIER = com.maidang.QuizApp2;
				PRODUCT_NAME = "$(TARGET_NAME)";
				SWIFT_EMIT_LOC_STRINGS = YES;
				SWIFT_VERSION = 5.0;
				TARGETED_DEVICE_FAMILY = "1,2";
			};
			name = Release;
		};
		2C3604D429B7F8D5000A25D2 /* Debug */ = {
			isa = XCBuildConfiguration;
			buildSettings = {
				ALWAYS_EMBED_SWIFT_STANDARD_LIBRARIES = YES;
				BUNDLE_LOADER = "$(TEST_HOST)";
				CODE_SIGN_STYLE = Automatic;
				CURRENT_PROJECT_VERSION = 1;
				DEVELOPMENT_TEAM = HA2VYV65RB;
				GENERATE_INFOPLIST_FILE = YES;
				IPHONEOS_DEPLOYMENT_TARGET = 16.2;
				MARKETING_VERSION = 1.0;
				PRODUCT_BUNDLE_IDENTIFIER = com.maidang.QuizApp2Tests;
				PRODUCT_NAME = "$(TARGET_NAME)";
				SWIFT_EMIT_LOC_STRINGS = NO;
				SWIFT_VERSION = 5.0;
				TARGETED_DEVICE_FAMILY = "1,2";
				TEST_HOST = "$(BUILT_PRODUCTS_DIR)/QuizApp2.app/$(BUNDLE_EXECUTABLE_FOLDER_PATH)/QuizApp2";
			};
			name = Debug;
		};
		2C3604D529B7F8D5000A25D2 /* Release */ = {
			isa = XCBuildConfiguration;
			buildSettings = {
				ALWAYS_EMBED_SWIFT_STANDARD_LIBRARIES = YES;
				BUNDLE_LOADER = "$(TEST_HOST)";
				CODE_SIGN_STYLE = Automatic;
				CURRENT_PROJECT_VERSION = 1;
				DEVELOPMENT_TEAM = HA2VYV65RB;
				GENERATE_INFOPLIST_FILE = YES;
				IPHONEOS_DEPLOYMENT_TARGET = 16.2;
				MARKETING_VERSION = 1.0;
				PRODUCT_BUNDLE_IDENTIFIER = com.maidang.QuizApp2Tests;
				PRODUCT_NAME = "$(TARGET_NAME)";
				SWIFT_EMIT_LOC_STRINGS = NO;
				SWIFT_VERSION = 5.0;
				TARGETED_DEVICE_FAMILY = "1,2";
				TEST_HOST = "$(BUILT_PRODUCTS_DIR)/QuizApp2.app/$(BUNDLE_EXECUTABLE_FOLDER_PATH)/QuizApp2";
			};
			name = Release;
		};
		2C3604D729B7F8D5000A25D2 /* Debug */ = {
			isa = XCBuildConfiguration;
			buildSettings = {
				ALWAYS_EMBED_SWIFT_STANDARD_LIBRARIES = YES;
				CODE_SIGN_STYLE = Automatic;
				CURRENT_PROJECT_VERSION = 1;
				DEVELOPMENT_TEAM = HA2VYV65RB;
				GENERATE_INFOPLIST_FILE = YES;
				MARKETING_VERSION = 1.0;
				PRODUCT_BUNDLE_IDENTIFIER = com.maidang.QuizApp2UITests;
				PRODUCT_NAME = "$(TARGET_NAME)";
				SWIFT_EMIT_LOC_STRINGS = NO;
				SWIFT_VERSION = 5.0;
				TARGETED_DEVICE_FAMILY = "1,2";
				TEST_TARGET_NAME = QuizApp2;
			};
			name = Debug;
		};
		2C3604D829B7F8D5000A25D2 /* Release */ = {
			isa = XCBuildConfiguration;
			buildSettings = {
				ALWAYS_EMBED_SWIFT_STANDARD_LIBRARIES = YES;
				CODE_SIGN_STYLE = Automatic;
				CURRENT_PROJECT_VERSION = 1;
				DEVELOPMENT_TEAM = HA2VYV65RB;
				GENERATE_INFOPLIST_FILE = YES;
				MARKETING_VERSION = 1.0;
				PRODUCT_BUNDLE_IDENTIFIER = com.maidang.QuizApp2UITests;
				PRODUCT_NAME = "$(TARGET_NAME)";
				SWIFT_EMIT_LOC_STRINGS = NO;
				SWIFT_VERSION = 5.0;
				TARGETED_DEVICE_FAMILY = "1,2";
				TEST_TARGET_NAME = QuizApp2;
			};
			name = Release;
		};
/* End XCBuildConfiguration section */

/* Begin XCConfigurationList section */
		2C3604A129B7F8D2000A25D2 /* Build configuration list for PBXProject "QuizApp2" */ = {
			isa = XCConfigurationList;
			buildConfigurations = (
				2C3604CE29B7F8D5000A25D2 /* Debug */,
				2C3604CF29B7F8D5000A25D2 /* Release */,
			);
			defaultConfigurationIsVisible = 0;
			defaultConfigurationName = Release;
		};
		2C3604D029B7F8D5000A25D2 /* Build configuration list for PBXNativeTarget "QuizApp2" */ = {
			isa = XCConfigurationList;
			buildConfigurations = (
				2C3604D129B7F8D5000A25D2 /* Debug */,
				2C3604D229B7F8D5000A25D2 /* Release */,
			);
			defaultConfigurationIsVisible = 0;
			defaultConfigurationName = Release;
		};
		2C3604D329B7F8D5000A25D2 /* Build configuration list for PBXNativeTarget "QuizApp2Tests" */ = {
			isa = XCConfigurationList;
			buildConfigurations = (
				2C3604D429B7F8D5000A25D2 /* Debug */,
				2C3604D529B7F8D5000A25D2 /* Release */,
			);
			defaultConfigurationIsVisible = 0;
			defaultConfigurationName = Release;
		};
		2C3604D629B7F8D5000A25D2 /* Build configuration list for PBXNativeTarget "QuizApp2UITests" */ = {
			isa = XCConfigurationList;
			buildConfigurations = (
				2C3604D729B7F8D5000A25D2 /* Debug */,
				2C3604D829B7F8D5000A25D2 /* Release */,
			);
			defaultConfigurationIsVisible = 0;
			defaultConfigurationName = Release;
		};
/* End XCConfigurationList section */
	};
	rootObject = 2C36049E29B7F8D2000A25D2 /* Project object */;
}
